// !$*UTF8*$!
{
	archiveVersion = 1;
	classes = {
	};
	objectVersion = 56;
	objects = {

/* Begin PBXBuildFile section */
		6A6A16812AC333D00055D7DF /* TransmitApp.swift in Sources */ = {isa = PBXBuildFile; fileRef = 6A6A16802AC333D00055D7DF /* TransmitApp.swift */; };
		6A6A16832AC333D00055D7DF /* ContentView.swift in Sources */ = {isa = PBXBuildFile; fileRef = 6A6A16822AC333D00055D7DF /* ContentView.swift */; };
		6A6A16852AC333D20055D7DF /* Assets.xcassets in Resources */ = {isa = PBXBuildFile; fileRef = 6A6A16842AC333D20055D7DF /* Assets.xcassets */; };
		6A6A16882AC333D20055D7DF /* Preview Assets.xcassets in Resources */ = {isa = PBXBuildFile; fileRef = 6A6A16872AC333D20055D7DF /* Preview Assets.xcassets */; };
		6A6A168F2AC337F70055D7DF /* UIColor+String.swift in Sources */ = {isa = PBXBuildFile; fileRef = 6A6A168E2AC337F70055D7DF /* UIColor+String.swift */; };
		6A6A16912AC350A20055D7DF /* BlurView.swift in Sources */ = {isa = PBXBuildFile; fileRef = 6A6A16902AC350A20055D7DF /* BlurView.swift */; };
		6A6A16932AC352660055D7DF /* Episode.swift in Sources */ = {isa = PBXBuildFile; fileRef = 6A6A16922AC352660055D7DF /* Episode.swift */; };
		6A6A16952AC4292D0055D7DF /* FontWithLineHeight.swift in Sources */ = {isa = PBXBuildFile; fileRef = 6A6A16942AC4292D0055D7DF /* FontWithLineHeight.swift */; };
		6A6A16982AC4294A0055D7DF /* Styles.swift in Sources */ = {isa = PBXBuildFile; fileRef = 6A6A16972AC4294A0055D7DF /* Styles.swift */; };
/* End PBXBuildFile section */

/* Begin PBXFileReference section */
		6A6A167D2AC333D00055D7DF /* Transmit.app */ = {isa = PBXFileReference; explicitFileType = wrapper.application; includeInIndex = 0; path = Transmit.app; sourceTree = BUILT_PRODUCTS_DIR; };
		6A6A16802AC333D00055D7DF /* TransmitApp.swift */ = {isa = PBXFileReference; lastKnownFileType = sourcecode.swift; path = TransmitApp.swift; sourceTree = "<group>"; };
		6A6A16822AC333D00055D7DF /* ContentView.swift */ = {isa = PBXFileReference; lastKnownFileType = sourcecode.swift; path = ContentView.swift; sourceTree = "<group>"; };
		6A6A16842AC333D20055D7DF /* Assets.xcassets */ = {isa = PBXFileReference; lastKnownFileType = folder.assetcatalog; path = Assets.xcassets; sourceTree = "<group>"; };
		6A6A16872AC333D20055D7DF /* Preview Assets.xcassets */ = {isa = PBXFileReference; lastKnownFileType = folder.assetcatalog; path = "Preview Assets.xcassets"; sourceTree = "<group>"; };
		6A6A168E2AC337F70055D7DF /* UIColor+String.swift */ = {isa = PBXFileReference; lastKnownFileType = sourcecode.swift; path = "UIColor+String.swift"; sourceTree = "<group>"; };
		6A6A16902AC350A20055D7DF /* BlurView.swift */ = {isa = PBXFileReference; lastKnownFileType = sourcecode.swift; path = BlurView.swift; sourceTree = "<group>"; };
		6A6A16922AC352660055D7DF /* Episode.swift */ = {isa = PBXFileReference; lastKnownFileType = sourcecode.swift; path = Episode.swift; sourceTree = "<group>"; };
		6A6A16942AC4292D0055D7DF /* FontWithLineHeight.swift */ = {isa = PBXFileReference; lastKnownFileType = sourcecode.swift; path = FontWithLineHeight.swift; sourceTree = "<group>"; };
		6A6A16972AC4294A0055D7DF /* Styles.swift */ = {isa = PBXFileReference; lastKnownFileType = sourcecode.swift; path = Styles.swift; sourceTree = "<group>"; };
/* End PBXFileReference section */

/* Begin PBXFrameworksBuildPhase section */
		6A6A167A2AC333D00055D7DF /* Frameworks */ = {
			isa = PBXFrameworksBuildPhase;
			buildActionMask = 2147483647;
			files = (
			);
			runOnlyForDeploymentPostprocessing = 0;
		};
/* End PBXFrameworksBuildPhase section */

/* Begin PBXGroup section */
		6A6A16742AC333D00055D7DF = {
			isa = PBXGroup;
			children = (
				6A6A167F2AC333D00055D7DF /* Transmit */,
				6A6A167E2AC333D00055D7DF /* Products */,
			);
			sourceTree = "<group>";
		};
		6A6A167E2AC333D00055D7DF /* Products */ = {
			isa = PBXGroup;
			children = (
				6A6A167D2AC333D00055D7DF /* Transmit.app */,
			);
			name = Products;
			sourceTree = "<group>";
		};
		6A6A167F2AC333D00055D7DF /* Transmit */ = {
			isa = PBXGroup;
			children = (
				6A6A16962AC4293D0055D7DF /* Utilities */,
				6A6A16802AC333D00055D7DF /* TransmitApp.swift */,
				6A6A16822AC333D00055D7DF /* ContentView.swift */,
				6A6A16922AC352660055D7DF /* Episode.swift */,
				6A6A16842AC333D20055D7DF /* Assets.xcassets */,
				6A6A16862AC333D20055D7DF /* Preview Content */,
			);
			path = Transmit;
			sourceTree = "<group>";
		};
		6A6A16862AC333D20055D7DF /* Preview Content */ = {
			isa = PBXGroup;
			children = (
				6A6A16872AC333D20055D7DF /* Preview Assets.xcassets */,
			);
			path = "Preview Content";
			sourceTree = "<group>";
		};
		6A6A16962AC4293D0055D7DF /* Utilities */ = {
			isa = PBXGroup;
			children = (
				6A6A16902AC350A20055D7DF /* BlurView.swift */,
				6A6A168E2AC337F70055D7DF /* UIColor+String.swift */,
				6A6A16942AC4292D0055D7DF /* FontWithLineHeight.swift */,
				6A6A16972AC4294A0055D7DF /* Styles.swift */,
			);
			path = Utilities;
			sourceTree = "<group>";
		};
/* End PBXGroup section */

/* Begin PBXNativeTarget section */
		6A6A167C2AC333D00055D7DF /* Transmit */ = {
			isa = PBXNativeTarget;
			buildConfigurationList = 6A6A168B2AC333D20055D7DF /* Build configuration list for PBXNativeTarget "Transmit" */;
			buildPhases = (
				6A6A16792AC333D00055D7DF /* Sources */,
				6A6A167A2AC333D00055D7DF /* Frameworks */,
				6A6A167B2AC333D00055D7DF /* Resources */,
			);
			buildRules = (
			);
			dependencies = (
			);
			name = Transmit;
			productName = Transmit;
			productReference = 6A6A167D2AC333D00055D7DF /* Transmit.app */;
			productType = "com.apple.product-type.application";
		};
/* End PBXNativeTarget section */

/* Begin PBXProject section */
		6A6A16752AC333D00055D7DF /* Project object */ = {
			isa = PBXProject;
			attributes = {
				BuildIndependentTargetsInParallel = 1;
				LastSwiftUpdateCheck = 1500;
				LastUpgradeCheck = 1500;
				TargetAttributes = {
					6A6A167C2AC333D00055D7DF = {
						CreatedOnToolsVersion = 15.0;
					};
				};
			};
			buildConfigurationList = 6A6A16782AC333D00055D7DF /* Build configuration list for PBXProject "Transmit" */;
			compatibilityVersion = "Xcode 14.0";
			developmentRegion = en;
			hasScannedForEncodings = 0;
			knownRegions = (
				en,
				Base,
			);
			mainGroup = 6A6A16742AC333D00055D7DF;
			productRefGroup = 6A6A167E2AC333D00055D7DF /* Products */;
			projectDirPath = "";
			projectRoot = "";
			targets = (
				6A6A167C2AC333D00055D7DF /* Transmit */,
			);
		};
/* End PBXProject section */

/* Begin PBXResourcesBuildPhase section */
		6A6A167B2AC333D00055D7DF /* Resources */ = {
			isa = PBXResourcesBuildPhase;
			buildActionMask = 2147483647;
			files = (
				6A6A16882AC333D20055D7DF /* Preview Assets.xcassets in Resources */,
				6A6A16852AC333D20055D7DF /* Assets.xcassets in Resources */,
			);
			runOnlyForDeploymentPostprocessing = 0;
		};
/* End PBXResourcesBuildPhase section */

/* Begin PBXSourcesBuildPhase section */
		6A6A16792AC333D00055D7DF /* Sources */ = {
			isa = PBXSourcesBuildPhase;
			buildActionMask = 2147483647;
			files = (
				6A6A16832AC333D00055D7DF /* ContentView.swift in Sources */,
				6A6A16982AC4294A0055D7DF /* Styles.swift in Sources */,
				6A6A16912AC350A20055D7DF /* BlurView.swift in Sources */,
				6A6A16812AC333D00055D7DF /* TransmitApp.swift in Sources */,
				6A6A16932AC352660055D7DF /* Episode.swift in Sources */,
				6A6A168F2AC337F70055D7DF /* UIColor+String.swift in Sources */,
				6A6A16952AC4292D0055D7DF /* FontWithLineHeight.swift in Sources */,
			);
			runOnlyForDeploymentPostprocessing = 0;
		};
/* End PBXSourcesBuildPhase section */

/* Begin XCBuildConfiguration section */
		6A6A16892AC333D20055D7DF /* Debug */ = {
			isa = XCBuildConfiguration;
			buildSettings = {
				ALWAYS_SEARCH_USER_PATHS = NO;
				ASSETCATALOG_COMPILER_GENERATE_SWIFT_ASSET_SYMBOL_EXTENSIONS = YES;
				CLANG_ANALYZER_NONNULL = YES;
				CLANG_ANALYZER_NUMBER_OBJECT_CONVERSION = YES_AGGRESSIVE;
				CLANG_CXX_LANGUAGE_STANDARD = "gnu++20";
				CLANG_ENABLE_MODULES = YES;
				CLANG_ENABLE_OBJC_ARC = YES;
				CLANG_ENABLE_OBJC_WEAK = YES;
				CLANG_WARN_BLOCK_CAPTURE_AUTORELEASING = YES;
				CLANG_WARN_BOOL_CONVERSION = YES;
				CLANG_WARN_COMMA = YES;
				CLANG_WARN_CONSTANT_CONVERSION = YES;
				CLANG_WARN_DEPRECATED_OBJC_IMPLEMENTATIONS = YES;
				CLANG_WARN_DIRECT_OBJC_ISA_USAGE = YES_ERROR;
				CLANG_WARN_DOCUMENTATION_COMMENTS = YES;
				CLANG_WARN_EMPTY_BODY = YES;
				CLANG_WARN_ENUM_CONVERSION = YES;
				CLANG_WARN_INFINITE_RECURSION = YES;
				CLANG_WARN_INT_CONVERSION = YES;
				CLANG_WARN_NON_LITERAL_NULL_CONVERSION = YES;
				CLANG_WARN_OBJC_IMPLICIT_RETAIN_SELF = YES;
				CLANG_WARN_OBJC_LITERAL_CONVERSION = YES;
				CLANG_WARN_OBJC_ROOT_CLASS = YES_ERROR;
				CLANG_WARN_QUOTED_INCLUDE_IN_FRAMEWORK_HEADER = YES;
				CLANG_WARN_RANGE_LOOP_ANALYSIS = YES;
				CLANG_WARN_STRICT_PROTOTYPES = YES;
				CLANG_WARN_SUSPICIOUS_MOVE = YES;
				CLANG_WARN_UNGUARDED_AVAILABILITY = YES_AGGRESSIVE;
				CLANG_WARN_UNREACHABLE_CODE = YES;
				CLANG_WARN__DUPLICATE_METHOD_MATCH = YES;
				COPY_PHASE_STRIP = NO;
				DEBUG_INFORMATION_FORMAT = dwarf;
				ENABLE_STRICT_OBJC_MSGSEND = YES;
				ENABLE_TESTABILITY = YES;
				ENABLE_USER_SCRIPT_SANDBOXING = YES;
				GCC_C_LANGUAGE_STANDARD = gnu17;
				GCC_DYNAMIC_NO_PIC = NO;
				GCC_NO_COMMON_BLOCKS = YES;
				GCC_OPTIMIZATION_LEVEL = 0;
				GCC_PREPROCESSOR_DEFINITIONS = (
					"DEBUG=1",
					"$(inherited)",
				);
				GCC_WARN_64_TO_32_BIT_CONVERSION = YES;
				GCC_WARN_ABOUT_RETURN_TYPE = YES_ERROR;
				GCC_WARN_UNDECLARED_SELECTOR = YES;
				GCC_WARN_UNINITIALIZED_AUTOS = YES_AGGRESSIVE;
				GCC_WARN_UNUSED_FUNCTION = YES;
				GCC_WARN_UNUSED_VARIABLE = YES;
				IPHONEOS_DEPLOYMENT_TARGET = 17.0;
				LOCALIZATION_PREFERS_STRING_CATALOGS = YES;
				MTL_ENABLE_DEBUG_INFO = INCLUDE_SOURCE;
				MTL_FAST_MATH = YES;
				ONLY_ACTIVE_ARCH = YES;
				SDKROOT = iphoneos;
				SWIFT_ACTIVE_COMPILATION_CONDITIONS = "DEBUG $(inherited)";
				SWIFT_OPTIMIZATION_LEVEL = "-Onone";
			};
			name = Debug;
		};
		6A6A168A2AC333D20055D7DF /* Release */ = {
			isa = XCBuildConfiguration;
			buildSettings = {
				ALWAYS_SEARCH_USER_PATHS = NO;
				ASSETCATALOG_COMPILER_GENERATE_SWIFT_ASSET_SYMBOL_EXTENSIONS = YES;
				CLANG_ANALYZER_NONNULL = YES;
				CLANG_ANALYZER_NUMBER_OBJECT_CONVERSION = YES_AGGRESSIVE;
				CLANG_CXX_LANGUAGE_STANDARD = "gnu++20";
				CLANG_ENABLE_MODULES = YES;
				CLANG_ENABLE_OBJC_ARC = YES;
				CLANG_ENABLE_OBJC_WEAK = YES;
				CLANG_WARN_BLOCK_CAPTURE_AUTORELEASING = YES;
				CLANG_WARN_BOOL_CONVERSION = YES;
				CLANG_WARN_COMMA = YES;
				CLANG_WARN_CONSTANT_CONVERSION = YES;
				CLANG_WARN_DEPRECATED_OBJC_IMPLEMENTATIONS = YES;
				CLANG_WARN_DIRECT_OBJC_ISA_USAGE = YES_ERROR;
				CLANG_WARN_DOCUMENTATION_COMMENTS = YES;
				CLANG_WARN_EMPTY_BODY = YES;
				CLANG_WARN_ENUM_CONVERSION = YES;
				CLANG_WARN_INFINITE_RECURSION = YES;
				CLANG_WARN_INT_CONVERSION = YES;
				CLANG_WARN_NON_LITERAL_NULL_CONVERSION = YES;
				CLANG_WARN_OBJC_IMPLICIT_RETAIN_SELF = YES;
				CLANG_WARN_OBJC_LITERAL_CONVERSION = YES;
				CLANG_WARN_OBJC_ROOT_CLASS = YES_ERROR;
				CLANG_WARN_QUOTED_INCLUDE_IN_FRAMEWORK_HEADER = YES;
				CLANG_WARN_RANGE_LOOP_ANALYSIS = YES;
				CLANG_WARN_STRICT_PROTOTYPES = YES;
				CLANG_WARN_SUSPICIOUS_MOVE = YES;
				CLANG_WARN_UNGUARDED_AVAILABILITY = YES_AGGRESSIVE;
				CLANG_WARN_UNREACHABLE_CODE = YES;
				CLANG_WARN__DUPLICATE_METHOD_MATCH = YES;
				COPY_PHASE_STRIP = NO;
				DEBUG_INFORMATION_FORMAT = "dwarf-with-dsym";
				ENABLE_NS_ASSERTIONS = NO;
				ENABLE_STRICT_OBJC_MSGSEND = YES;
				ENABLE_USER_SCRIPT_SANDBOXING = YES;
				GCC_C_LANGUAGE_STANDARD = gnu17;
				GCC_NO_COMMON_BLOCKS = YES;
				GCC_WARN_64_TO_32_BIT_CONVERSION = YES;
				GCC_WARN_ABOUT_RETURN_TYPE = YES_ERROR;
				GCC_WARN_UNDECLARED_SELECTOR = YES;
				GCC_WARN_UNINITIALIZED_AUTOS = YES_AGGRESSIVE;
				GCC_WARN_UNUSED_FUNCTION = YES;
				GCC_WARN_UNUSED_VARIABLE = YES;
				IPHONEOS_DEPLOYMENT_TARGET = 17.0;
				LOCALIZATION_PREFERS_STRING_CATALOGS = YES;
				MTL_ENABLE_DEBUG_INFO = NO;
				MTL_FAST_MATH = YES;
				SDKROOT = iphoneos;
				SWIFT_COMPILATION_MODE = wholemodule;
				VALIDATE_PRODUCT = YES;
			};
			name = Release;
		};
		6A6A168C2AC333D20055D7DF /* Debug */ = {
			isa = XCBuildConfiguration;
			buildSettings = {
				ASSETCATALOG_COMPILER_APPICON_NAME = AppIcon;
				ASSETCATALOG_COMPILER_GLOBAL_ACCENT_COLOR_NAME = AccentColor;
				CODE_SIGN_STYLE = Automatic;
				CURRENT_PROJECT_VERSION = 1;
				DEVELOPMENT_ASSET_PATHS = "\"Transmit/Preview Content\"";
				ENABLE_PREVIEWS = YES;
				GENERATE_INFOPLIST_FILE = YES;
				INFOPLIST_KEY_UIApplicationSceneManifest_Generation = YES;
				INFOPLIST_KEY_UIApplicationSupportsIndirectInputEvents = YES;
				INFOPLIST_KEY_UILaunchScreen_Generation = YES;
				INFOPLIST_KEY_UISupportedInterfaceOrientations_iPad = "UIInterfaceOrientationPortrait UIInterfaceOrientationPortraitUpsideDown UIInterfaceOrientationLandscapeLeft UIInterfaceOrientationLandscapeRight";
				INFOPLIST_KEY_UISupportedInterfaceOrientations_iPhone = "UIInterfaceOrientationPortrait UIInterfaceOrientationLandscapeLeft UIInterfaceOrientationLandscapeRight";
				LD_RUNPATH_SEARCH_PATHS = (
					"$(inherited)",
					"@executable_path/Frameworks",
				);
				MARKETING_VERSION = 1.0;
				PRODUCT_BUNDLE_IDENTIFIER = com.ldakhoa.Transmit;
				PRODUCT_NAME = "$(TARGET_NAME)";
				SWIFT_EMIT_LOC_STRINGS = YES;
				SWIFT_VERSION = 5.0;
				TARGETED_DEVICE_FAMILY = "1,2";
			};
			name = Debug;
		};
		6A6A168D2AC333D20055D7DF /* Release */ = {
			isa = XCBuildConfiguration;
			buildSettings = {
				ASSETCATALOG_COMPILER_APPICON_NAME = AppIcon;
				ASSETCATALOG_COMPILER_GLOBAL_ACCENT_COLOR_NAME = AccentColor;
				CODE_SIGN_STYLE = Automatic;
				CURRENT_PROJECT_VERSION = 1;
				DEVELOPMENT_ASSET_PATHS = "\"Transmit/Preview Content\"";
				ENABLE_PREVIEWS = YES;
				GENERATE_INFOPLIST_FILE = YES;
				INFOPLIST_KEY_UIApplicationSceneManifest_Generation = YES;
				INFOPLIST_KEY_UIApplicationSupportsIndirectInputEvents = YES;
				INFOPLIST_KEY_UILaunchScreen_Generation = YES;
				INFOPLIST_KEY_UISupportedInterfaceOrientations_iPad = "UIInterfaceOrientationPortrait UIInterfaceOrientationPortraitUpsideDown UIInterfaceOrientationLandscapeLeft UIInterfaceOrientationLandscapeRight";
				INFOPLIST_KEY_UISupportedInterfaceOrientations_iPhone = "UIInterfaceOrientationPortrait UIInterfaceOrientationLandscapeLeft UIInterfaceOrientationLandscapeRight";
				LD_RUNPATH_SEARCH_PATHS = (
					"$(inherited)",
					"@executable_path/Frameworks",
				);
				MARKETING_VERSION = 1.0;
				PRODUCT_BUNDLE_IDENTIFIER = com.ldakhoa.Transmit;
				PRODUCT_NAME = "$(TARGET_NAME)";
				SWIFT_EMIT_LOC_STRINGS = YES;
				SWIFT_VERSION = 5.0;
				TARGETED_DEVICE_FAMILY = "1,2";
			};
			name = Release;
		};
/* End XCBuildConfiguration section */

/* Begin XCConfigurationList section */
		6A6A16782AC333D00055D7DF /* Build configuration list for PBXProject "Transmit" */ = {
			isa = XCConfigurationList;
			buildConfigurations = (
				6A6A16892AC333D20055D7DF /* Debug */,
				6A6A168A2AC333D20055D7DF /* Release */,
			);
			defaultConfigurationIsVisible = 0;
			defaultConfigurationName = Release;
		};
		6A6A168B2AC333D20055D7DF /* Build configuration list for PBXNativeTarget "Transmit" */ = {
			isa = XCConfigurationList;
			buildConfigurations = (
				6A6A168C2AC333D20055D7DF /* Debug */,
				6A6A168D2AC333D20055D7DF /* Release */,
			);
			defaultConfigurationIsVisible = 0;
			defaultConfigurationName = Release;
		};
/* End XCConfigurationList section */
	};
	rootObject = 6A6A16752AC333D00055D7DF /* Project object */;
}
